
Microsoft Visual Studio Solution File, Format Version 12.00
# Visual Studio 15
VisualStudioVersion = 15.0.28307.329
MinimumVisualStudioVersion = 10.0.40219.1
Project("{FAE04EC0-301F-11D3-BF4B-00C04F79EFBC}") = "Web", "Web\Web.csproj", "{E0CC163C-A112-44E2-983D-AD98849BE519}"
EndProject
Project("{FAE04EC0-301F-11D3-BF4B-00C04F79EFBC}") = "ApplicationCore", "ApplicationCore\ApplicationCore.csproj", "{8C5C2851-ABB9-4C41-9EED-7A32E4853E72}"
EndProject
Project("{FAE04EC0-301F-11D3-BF4B-00C04F79EFBC}") = "Infrastructure", "Infrastructure\Infrastructure.csproj", "{73B38C19-EBAC-4E88-A086-534DA077EB0D}"
EndProject
Global
	GlobalSection(SolutionConfigurationPlatforms) = preSolution
		Debug|Any CPU = Debug|Any CPU
		Release|Any CPU = Release|Any CPU
	EndGlobalSection
	GlobalSection(ProjectConfigurationPlatforms) = postSolution
		{E0CC163C-A112-44E2-983D-AD98849BE519}.Debug|Any CPU.ActiveCfg = Debug|Any CPU
		{E0CC163C-A112-44E2-983D-AD98849BE519}.Debug|Any CPU.Build.0 = Debug|Any CPU
		{E0CC163C-A112-44E2-983D-AD98849BE519}.Release|Any CPU.ActiveCfg = Release|Any CPU
		{E0CC163C-A112-44E2-983D-AD98849BE519}.Release|Any CPU.Build.0 = Release|Any CPU
		{8C5C2851-ABB9-4C41-9EED-7A32E4853E72}.Debug|Any CPU.ActiveCfg = Debug|Any CPU
		{8C5C2851-ABB9-4C41-9EED-7A32E4853E72}.Debug|Any CPU.Build.0 = Debug|Any CPU
		{8C5C2851-ABB9-4C41-9EED-7A32E4853E72}.Release|Any CPU.ActiveCfg = Release|Any CPU
		{8C5C2851-ABB9-4C41-9EED-7A32E4853E72}.Release|Any CPU.Build.0 = Release|Any CPU
		{73B38C19-EBAC-4E88-A086-534DA077EB0D}.Debug|Any CPU.ActiveCfg = Debug|Any CPU
		{73B38C19-EBAC-4E88-A086-534DA077EB0D}.Debug|Any CPU.Build.0 = Debug|Any CPU
		{73B38C19-EBAC-4E88-A086-534DA077EB0D}.Release|Any CPU.ActiveCfg = Release|Any CPU
		{73B38C19-EBAC-4E88-A086-534DA077EB0D}.Release|Any CPU.Build.0 = Release|Any CPU
	EndGlobalSection
	GlobalSection(SolutionProperties) = preSolution
		HideSolutionNode = FALSE
	EndGlobalSection
	GlobalSection(ExtensibilityGlobals) = postSolution
		SolutionGuid = {8CD8DD89-6711-4257-A5FE-2D4EB0F6494E}
	EndGlobalSection
EndGlobal
